
Microsoft Visual Studio Solution File, Format Version 12.00
# Visual Studio Version 16
VisualStudioVersion = 25.0.1700.0
MinimumVisualStudioVersion = 10.0.40219.1
Project("{FAE04EC0-301F-11D3-BF4B-00C04F79EFBC}") = "phonebookapp", "phonebookapp\phonebookapp.csproj", "{7C8DC6BA-CF3C-406B-9A2A-4774BC2AC8AB}"
EndProject
Global
	GlobalSection(SolutionConfigurationPlatforms) = preSolution
		Debug|Any CPU = Debug|Any CPU
		Release|Any CPU = Release|Any CPU
	EndGlobalSection
	GlobalSection(ProjectConfigurationPlatforms) = postSolution
		{7C8DC6BA-CF3C-406B-9A2A-4774BC2AC8AB}.Debug|Any CPU.ActiveCfg = Debug|Any CPU
		{7C8DC6BA-CF3C-406B-9A2A-4774BC2AC8AB}.Debug|Any CPU.Build.0 = Debug|Any CPU
		{7C8DC6BA-CF3C-406B-9A2A-4774BC2AC8AB}.Release|Any CPU.ActiveCfg = Release|Any CPU
		{7C8DC6BA-CF3C-406B-9A2A-4774BC2AC8AB}.Release|Any CPU.Build.0 = Release|Any CPU
	EndGlobalSection
	GlobalSection(SolutionProperties) = preSolution
		HideSolutionNode = FALSE
	EndGlobalSection
	GlobalSection(ExtensibilityGlobals) = postSolution
		SolutionGuid = {E05C7A4B-7671-4B78-9AC9-90363D54885F}
	EndGlobalSection
EndGlobal
